
Microsoft Visual Studio Solution File, Format Version 12.00
Project("{FAE04EC0-301F-11D3-BF4B-00C04F79EFBC}") = "EditorLib", "EditorLib\EditorLib.csproj", "{C45429E3-37D1-43A8-BEAF-A8BDCB977131}"
EndProject
Project("{FAE04EC0-301F-11D3-BF4B-00C04F79EFBC}") = "EditorConsole", "EditorConsole\EditorConsole.csproj", "{AF917603-38EF-4512-8A22-C8184C36DDBA}"
EndProject
Global
	GlobalSection(SolutionConfigurationPlatforms) = preSolution
		Debug|Any CPU = Debug|Any CPU
		Release|Any CPU = Release|Any CPU
	EndGlobalSection
	GlobalSection(ProjectConfigurationPlatforms) = postSolution
		{C45429E3-37D1-43A8-BEAF-A8BDCB977131}.Debug|Any CPU.ActiveCfg = Debug|Any CPU
		{C45429E3-37D1-43A8-BEAF-A8BDCB977131}.Debug|Any CPU.Build.0 = Debug|Any CPU
		{C45429E3-37D1-43A8-BEAF-A8BDCB977131}.Release|Any CPU.ActiveCfg = Release|Any CPU
		{C45429E3-37D1-43A8-BEAF-A8BDCB977131}.Release|Any CPU.Build.0 = Release|Any CPU
		{AF917603-38EF-4512-8A22-C8184C36DDBA}.Debug|Any CPU.ActiveCfg = Debug|Any CPU
		{AF917603-38EF-4512-8A22-C8184C36DDBA}.Debug|Any CPU.Build.0 = Debug|Any CPU
		{AF917603-38EF-4512-8A22-C8184C36DDBA}.Release|Any CPU.ActiveCfg = Release|Any CPU
		{AF917603-38EF-4512-8A22-C8184C36DDBA}.Release|Any CPU.Build.0 = Release|Any CPU
	EndGlobalSection
EndGlobal
